
Microsoft Visual Studio Solution File, Format Version 12.00
# Visual Studio Version 17
VisualStudioVersion = 17.5.002.0
MinimumVisualStudioVersion = 10.0.40219.1
Project("{9A19103F-16F7-4668-BE54-9A1E7A4F7556}") = "BankApplication.Domain", "BankApplication.Domain\BankApplication.Domain.csproj", "{332A5C9D-E9B6-486F-A47F-239FB80910D9}"
EndProject
Project("{9A19103F-16F7-4668-BE54-9A1E7A4F7556}") = "BankApplication.Console", "BankApplication.Console\BankApplication.Console.csproj", "{B5EE5265-2B6E-4855-BC45-25651DF7F2C9}"
EndProject
Global
	GlobalSection(SolutionConfigurationPlatforms) = preSolution
		Debug|Any CPU = Debug|Any CPU
		Release|Any CPU = Release|Any CPU
	EndGlobalSection
	GlobalSection(ProjectConfigurationPlatforms) = postSolution
		{332A5C9D-E9B6-486F-A47F-239FB80910D9}.Debug|Any CPU.ActiveCfg = Debug|Any CPU
		{332A5C9D-E9B6-486F-A47F-239FB80910D9}.Debug|Any CPU.Build.0 = Debug|Any CPU
		{332A5C9D-E9B6-486F-A47F-239FB80910D9}.Release|Any CPU.ActiveCfg = Release|Any CPU
		{332A5C9D-E9B6-486F-A47F-239FB80910D9}.Release|Any CPU.Build.0 = Release|Any CPU
		{B5EE5265-2B6E-4855-BC45-25651DF7F2C9}.Debug|Any CPU.ActiveCfg = Debug|Any CPU
		{B5EE5265-2B6E-4855-BC45-25651DF7F2C9}.Debug|Any CPU.Build.0 = Debug|Any CPU
		{B5EE5265-2B6E-4855-BC45-25651DF7F2C9}.Release|Any CPU.ActiveCfg = Release|Any CPU
		{B5EE5265-2B6E-4855-BC45-25651DF7F2C9}.Release|Any CPU.Build.0 = Release|Any CPU
	EndGlobalSection
	GlobalSection(SolutionProperties) = preSolution
		HideSolutionNode = FALSE
	EndGlobalSection
	GlobalSection(ExtensibilityGlobals) = postSolution
		SolutionGuid = {7C137BB5-6F9A-4FB3-BD1B-124CAF14F14D}
	EndGlobalSection
EndGlobal
